// !$*UTF8*$!
{
	archiveVersion = 1;
	classes = {
	};
	objectVersion = 56;
	objects = {

/* Begin PBXBuildFile section */
		FA1022E32C39A76F00B6D82B /* BottomRoundedShape.swift in Sources */ = {isa = PBXBuildFile; fileRef = FA1022E22C39A76F00B6D82B /* BottomRoundedShape.swift */; };
		FA1022E72C39B4ED00B6D82B /* MijickPopupView in Frameworks */ = {isa = PBXBuildFile; productRef = FA1022E62C39B4ED00B6D82B /* MijickPopupView */; };
		FA1022E92C39B61E00B6D82B /* PopupFolderView.swift in Sources */ = {isa = PBXBuildFile; fileRef = FA1022E82C39B61E00B6D82B /* PopupFolderView.swift */; };
		FA1022ED2C39EBCC00B6D82B /* FolderCreateRequest.swift in Sources */ = {isa = PBXBuildFile; fileRef = FA1022EC2C39EBCC00B6D82B /* FolderCreateRequest.swift */; };
		FA2141EE2C3587A400B5799C /* ShareViewController.swift in Sources */ = {isa = PBXBuildFile; fileRef = FA2141ED2C3587A400B5799C /* ShareViewController.swift */; };
		FA2141F12C3587A400B5799C /* Base in Resources */ = {isa = PBXBuildFile; fileRef = FA2141F02C3587A400B5799C /* Base */; };
		FA2141F52C3587A400B5799C /* Share.appex in Embed Foundation Extensions */ = {isa = PBXBuildFile; fileRef = FA2141EB2C3587A400B5799C /* Share.appex */; settings = {ATTRIBUTES = (RemoveHeadersOnCopy, ); }; };
		FA2141FB2C3587EC00B5799C /* TextInputViewController.swift in Sources */ = {isa = PBXBuildFile; fileRef = FA2141FA2C3587EC00B5799C /* TextInputViewController.swift */; };
		FA2142032C358DE200B5799C /* LaunchScreenView.swift in Sources */ = {isa = PBXBuildFile; fileRef = FA2142022C358DE200B5799C /* LaunchScreenView.swift */; };
		FA2C61A62C3C77FE003F2E4D /* LinkCreateRequest.swift in Sources */ = {isa = PBXBuildFile; fileRef = FA2C61A52C3C77FE003F2E4D /* LinkCreateRequest.swift */; };
		FA2C61A82C3C785D003F2E4D /* Link.swift in Sources */ = {isa = PBXBuildFile; fileRef = FA2C61A72C3C785D003F2E4D /* Link.swift */; };
		FA4D18582C372D3C00A8AF35 /* LoginRequest.swift in Sources */ = {isa = PBXBuildFile; fileRef = FA4D18572C372D3C00A8AF35 /* LoginRequest.swift */; };
		FA4D185B2C372F9200A8AF35 /* UserData.swift in Sources */ = {isa = PBXBuildFile; fileRef = FA4D185A2C372F9200A8AF35 /* UserData.swift */; };
		FA5E1CB02C36B19100C74BD6 /* AuthRequests.swift in Sources */ = {isa = PBXBuildFile; fileRef = FA5E1CAF2C36B19100C74BD6 /* AuthRequests.swift */; };
		FA5E1CB22C36B1FE00C74BD6 /* ResponseSignupData.swift in Sources */ = {isa = PBXBuildFile; fileRef = FA5E1CB12C36B1FE00C74BD6 /* ResponseSignupData.swift */; };
		FA5E1CB42C36B25900C74BD6 /* User.swift in Sources */ = {isa = PBXBuildFile; fileRef = FA5E1CB32C36B25900C74BD6 /* User.swift */; };
		FA5E1CB82C36D55300C74BD6 /* AuthView.swift in Sources */ = {isa = PBXBuildFile; fileRef = FA5E1CB72C36D55300C74BD6 /* AuthView.swift */; };
		FA5E1CBA2C36DD7200C74BD6 /* SignupView.swift in Sources */ = {isa = PBXBuildFile; fileRef = FA5E1CB92C36DD7200C74BD6 /* SignupView.swift */; };
		FA5E1CBC2C36DD8400C74BD6 /* LoginView.swift in Sources */ = {isa = PBXBuildFile; fileRef = FA5E1CBB2C36DD8400C74BD6 /* LoginView.swift */; };
		FA5E20B52C32F4CA00ED8989 /* mishaApp.swift in Sources */ = {isa = PBXBuildFile; fileRef = FA5E20B42C32F4CA00ED8989 /* mishaApp.swift */; };
		FA5E20B72C32F4CB00ED8989 /* ContentView.swift in Sources */ = {isa = PBXBuildFile; fileRef = FA5E20B62C32F4CB00ED8989 /* ContentView.swift */; };
		FA5E20B92C32F4CE00ED8989 /* Assets.xcassets in Resources */ = {isa = PBXBuildFile; fileRef = FA5E20B82C32F4CE00ED8989 /* Assets.xcassets */; };
		FA5E20BC2C32F4CE00ED8989 /* Preview Assets.xcassets in Resources */ = {isa = PBXBuildFile; fileRef = FA5E20BB2C32F4CE00ED8989 /* Preview Assets.xcassets */; };
		FA6598332C3D35CD00C7FD5C /* HTMLReader in Frameworks */ = {isa = PBXBuildFile; productRef = FA6598322C3D35CD00C7FD5C /* HTMLReader */; };
		FA7CF3022C3EC40E00B14FA1 /* LinkRemoveRequest.swift in Sources */ = {isa = PBXBuildFile; fileRef = FA7CF3012C3EC40E00B14FA1 /* LinkRemoveRequest.swift */; };
		FA7CF3042C3ED4DD00B14FA1 /* HoverButton.swift in Sources */ = {isa = PBXBuildFile; fileRef = FA7CF3032C3ED4DD00B14FA1 /* HoverButton.swift */; };
		FA7CF3062C3ED6FD00B14FA1 /* ResponseLinkRemove.swift in Sources */ = {isa = PBXBuildFile; fileRef = FA7CF3052C3ED6FD00B14FA1 /* ResponseLinkRemove.swift */; };
		FA7DC1662C3BEAC4002E7FB9 /* Folder.swift in Sources */ = {isa = PBXBuildFile; fileRef = FA7DC1652C3BEAC4002E7FB9 /* Folder.swift */; };
		FA7DC1682C3BEB55002E7FB9 /* ResponseCreateFolderRequest.swift in Sources */ = {isa = PBXBuildFile; fileRef = FA7DC1672C3BEB55002E7FB9 /* ResponseCreateFolderRequest.swift */; };
		FA7DC16A2C3C05F2002E7FB9 /* GetFoldersListRequest.swift in Sources */ = {isa = PBXBuildFile; fileRef = FA7DC1692C3C05F2002E7FB9 /* GetFoldersListRequest.swift */; };
		FA7DC16C2C3C0644002E7FB9 /* ResponseFoldersListDto.swift in Sources */ = {isa = PBXBuildFile; fileRef = FA7DC16B2C3C0644002E7FB9 /* ResponseFoldersListDto.swift */; };
		FA7DC16F2C3C0C57002E7FB9 /* LinksListView.swift in Sources */ = {isa = PBXBuildFile; fileRef = FA7DC16E2C3C0C57002E7FB9 /* LinksListView.swift */; };
		FA7DC1722C3C117B002E7FB9 /* UserViewModel.swift in Sources */ = {isa = PBXBuildFile; fileRef = FA7DC1712C3C117B002E7FB9 /* UserViewModel.swift */; };
		FA9AC4E62C3DC3A900536B1F /* LinkCreateState.swift in Sources */ = {isa = PBXBuildFile; fileRef = FA9AC4E52C3DC3A900536B1F /* LinkCreateState.swift */; };
		FA9AC4EA2C3DC48000536B1F /* UserPrivateManager.swift in Sources */ = {isa = PBXBuildFile; fileRef = FA9AC4E92C3DC48000536B1F /* UserPrivateManager.swift */; };
		FA9AC4EC2C3DD51C00536B1F /* LinkUIView.swift in Sources */ = {isa = PBXBuildFile; fileRef = FA9AC4EB2C3DD51C00536B1F /* LinkUIView.swift */; };
		FA9AC4EE2C3DD91400536B1F /* LinkPreviewImage.swift in Sources */ = {isa = PBXBuildFile; fileRef = FA9AC4ED2C3DD91400536B1F /* LinkPreviewImage.swift */; };
		FA9AC4F02C3DDFDA00536B1F /* LinkViewModel.swift in Sources */ = {isa = PBXBuildFile; fileRef = FA9AC4EF2C3DDFDA00536B1F /* LinkViewModel.swift */; };
		FA9AC4F22C3DE0BE00536B1F /* LinkGetByFolderIdRequest.swift in Sources */ = {isa = PBXBuildFile; fileRef = FA9AC4F12C3DE0BE00536B1F /* LinkGetByFolderIdRequest.swift */; };
		FA9AC4F52C3DE14A00536B1F /* ResponseLinksListDto.swift in Sources */ = {isa = PBXBuildFile; fileRef = FA9AC4F42C3DE14A00536B1F /* ResponseLinksListDto.swift */; };
		FACC4BED2C3C6B8F00D54F19 /* ChooseFolderView.swift in Sources */ = {isa = PBXBuildFile; fileRef = FACC4BEC2C3C6B8F00D54F19 /* ChooseFolderView.swift */; };
		FACC4BEF2C3C6C2A00D54F19 /* FoldersListView.swift in Sources */ = {isa = PBXBuildFile; fileRef = FACC4BEE2C3C6C2A00D54F19 /* FoldersListView.swift */; };
		FACC4BF12C3C6F5200D54F19 /* HeaderView.swift in Sources */ = {isa = PBXBuildFile; fileRef = FACC4BF02C3C6F5200D54F19 /* HeaderView.swift */; };
		FADE49452C380EC1006962EC /* HomeView.swift in Sources */ = {isa = PBXBuildFile; fileRef = FADE49442C380EC1006962EC /* HomeView.swift */; };
		FADE49492C383A27006962EC /* FolderItemView.swift in Sources */ = {isa = PBXBuildFile; fileRef = FADE49482C383A27006962EC /* FolderItemView.swift */; };
/* End PBXBuildFile section */

/* Begin PBXContainerItemProxy section */
		FA2141F32C3587A400B5799C /* PBXContainerItemProxy */ = {
			isa = PBXContainerItemProxy;
			containerPortal = FA5E20A92C32F4CA00ED8989 /* Project object */;
			proxyType = 1;
			remoteGlobalIDString = FA2141EA2C3587A400B5799C;
			remoteInfo = Share;
		};
/* End PBXContainerItemProxy section */

/* Begin PBXCopyFilesBuildPhase section */
		FA2141F62C3587A400B5799C /* Embed Foundation Extensions */ = {
			isa = PBXCopyFilesBuildPhase;
			buildActionMask = 2147483647;
			dstPath = "";
			dstSubfolderSpec = 13;
			files = (
				FA2141F52C3587A400B5799C /* Share.appex in Embed Foundation Extensions */,
			);
			name = "Embed Foundation Extensions";
			runOnlyForDeploymentPostprocessing = 0;
		};
/* End PBXCopyFilesBuildPhase section */

/* Begin PBXFileReference section */
		FA1022E22C39A76F00B6D82B /* BottomRoundedShape.swift */ = {isa = PBXFileReference; lastKnownFileType = sourcecode.swift; path = BottomRoundedShape.swift; sourceTree = "<group>"; };
		FA1022E82C39B61E00B6D82B /* PopupFolderView.swift */ = {isa = PBXFileReference; lastKnownFileType = sourcecode.swift; path = PopupFolderView.swift; sourceTree = "<group>"; };
		FA1022EC2C39EBCC00B6D82B /* FolderCreateRequest.swift */ = {isa = PBXFileReference; lastKnownFileType = sourcecode.swift; path = FolderCreateRequest.swift; sourceTree = "<group>"; };
		FA2141EB2C3587A400B5799C /* Share.appex */ = {isa = PBXFileReference; explicitFileType = "wrapper.app-extension"; includeInIndex = 0; path = Share.appex; sourceTree = BUILT_PRODUCTS_DIR; };
		FA2141ED2C3587A400B5799C /* ShareViewController.swift */ = {isa = PBXFileReference; lastKnownFileType = sourcecode.swift; path = ShareViewController.swift; sourceTree = "<group>"; };
		FA2141F02C3587A400B5799C /* Base */ = {isa = PBXFileReference; lastKnownFileType = file.storyboard; name = Base; path = Base.lproj/MainInterface.storyboard; sourceTree = "<group>"; };
		FA2141F22C3587A400B5799C /* Info.plist */ = {isa = PBXFileReference; lastKnownFileType = text.plist.xml; path = Info.plist; sourceTree = "<group>"; };
		FA2141FA2C3587EC00B5799C /* TextInputViewController.swift */ = {isa = PBXFileReference; lastKnownFileType = sourcecode.swift; path = TextInputViewController.swift; sourceTree = "<group>"; };
		FA2141FC2C35885C00B5799C /* Share.entitlements */ = {isa = PBXFileReference; lastKnownFileType = text.plist.entitlements; path = Share.entitlements; sourceTree = "<group>"; };
		FA2141FD2C35886700B5799C /* misha.entitlements */ = {isa = PBXFileReference; lastKnownFileType = text.plist.entitlements; path = misha.entitlements; sourceTree = "<group>"; };
		FA2142022C358DE200B5799C /* LaunchScreenView.swift */ = {isa = PBXFileReference; lastKnownFileType = sourcecode.swift; path = LaunchScreenView.swift; sourceTree = "<group>"; };
		FA2C61A52C3C77FE003F2E4D /* LinkCreateRequest.swift */ = {isa = PBXFileReference; lastKnownFileType = sourcecode.swift; path = LinkCreateRequest.swift; sourceTree = "<group>"; };
		FA2C61A72C3C785D003F2E4D /* Link.swift */ = {isa = PBXFileReference; lastKnownFileType = sourcecode.swift; path = Link.swift; sourceTree = "<group>"; };
		FA4D18572C372D3C00A8AF35 /* LoginRequest.swift */ = {isa = PBXFileReference; lastKnownFileType = sourcecode.swift; path = LoginRequest.swift; sourceTree = "<group>"; };
		FA4D185A2C372F9200A8AF35 /* UserData.swift */ = {isa = PBXFileReference; lastKnownFileType = sourcecode.swift; path = UserData.swift; sourceTree = "<group>"; };
		FA5E1CAC2C36ADCE00C74BD6 /* Info.plist */ = {isa = PBXFileReference; lastKnownFileType = text.plist; path = Info.plist; sourceTree = "<group>"; };
		FA5E1CAF2C36B19100C74BD6 /* AuthRequests.swift */ = {isa = PBXFileReference; lastKnownFileType = sourcecode.swift; path = AuthRequests.swift; sourceTree = "<group>"; };
		FA5E1CB12C36B1FE00C74BD6 /* ResponseSignupData.swift */ = {isa = PBXFileReference; lastKnownFileType = sourcecode.swift; path = ResponseSignupData.swift; sourceTree = "<group>"; };
		FA5E1CB32C36B25900C74BD6 /* User.swift */ = {isa = PBXFileReference; lastKnownFileType = sourcecode.swift; path = User.swift; sourceTree = "<group>"; };
		FA5E1CB72C36D55300C74BD6 /* AuthView.swift */ = {isa = PBXFileReference; lastKnownFileType = sourcecode.swift; path = AuthView.swift; sourceTree = "<group>"; };
		FA5E1CB92C36DD7200C74BD6 /* SignupView.swift */ = {isa = PBXFileReference; lastKnownFileType = sourcecode.swift; path = SignupView.swift; sourceTree = "<group>"; };
		FA5E1CBB2C36DD8400C74BD6 /* LoginView.swift */ = {isa = PBXFileReference; lastKnownFileType = sourcecode.swift; path = LoginView.swift; sourceTree = "<group>"; };
		FA5E20B12C32F4CA00ED8989 /* misha.app */ = {isa = PBXFileReference; explicitFileType = wrapper.application; includeInIndex = 0; path = misha.app; sourceTree = BUILT_PRODUCTS_DIR; };
		FA5E20B42C32F4CA00ED8989 /* mishaApp.swift */ = {isa = PBXFileReference; lastKnownFileType = sourcecode.swift; path = mishaApp.swift; sourceTree = "<group>"; };
		FA5E20B62C32F4CB00ED8989 /* ContentView.swift */ = {isa = PBXFileReference; lastKnownFileType = sourcecode.swift; path = ContentView.swift; sourceTree = "<group>"; };
		FA5E20B82C32F4CE00ED8989 /* Assets.xcassets */ = {isa = PBXFileReference; lastKnownFileType = folder.assetcatalog; path = Assets.xcassets; sourceTree = "<group>"; };
		FA5E20BB2C32F4CE00ED8989 /* Preview Assets.xcassets */ = {isa = PBXFileReference; lastKnownFileType = folder.assetcatalog; path = "Preview Assets.xcassets"; sourceTree = "<group>"; };
		FA7CF3012C3EC40E00B14FA1 /* LinkRemoveRequest.swift */ = {isa = PBXFileReference; lastKnownFileType = sourcecode.swift; path = LinkRemoveRequest.swift; sourceTree = "<group>"; };
		FA7CF3032C3ED4DD00B14FA1 /* HoverButton.swift */ = {isa = PBXFileReference; lastKnownFileType = sourcecode.swift; path = HoverButton.swift; sourceTree = "<group>"; };
		FA7CF3052C3ED6FD00B14FA1 /* ResponseLinkRemove.swift */ = {isa = PBXFileReference; lastKnownFileType = sourcecode.swift; path = ResponseLinkRemove.swift; sourceTree = "<group>"; };
		FA7DC1652C3BEAC4002E7FB9 /* Folder.swift */ = {isa = PBXFileReference; lastKnownFileType = sourcecode.swift; path = Folder.swift; sourceTree = "<group>"; };
		FA7DC1672C3BEB55002E7FB9 /* ResponseCreateFolderRequest.swift */ = {isa = PBXFileReference; lastKnownFileType = sourcecode.swift; path = ResponseCreateFolderRequest.swift; sourceTree = "<group>"; };
		FA7DC1692C3C05F2002E7FB9 /* GetFoldersListRequest.swift */ = {isa = PBXFileReference; lastKnownFileType = sourcecode.swift; path = GetFoldersListRequest.swift; sourceTree = "<group>"; };
		FA7DC16B2C3C0644002E7FB9 /* ResponseFoldersListDto.swift */ = {isa = PBXFileReference; lastKnownFileType = sourcecode.swift; path = ResponseFoldersListDto.swift; sourceTree = "<group>"; };
		FA7DC16E2C3C0C57002E7FB9 /* LinksListView.swift */ = {isa = PBXFileReference; lastKnownFileType = sourcecode.swift; path = LinksListView.swift; sourceTree = "<group>"; };
		FA7DC1712C3C117B002E7FB9 /* UserViewModel.swift */ = {isa = PBXFileReference; lastKnownFileType = sourcecode.swift; path = UserViewModel.swift; sourceTree = "<group>"; };
		FA9AC4E52C3DC3A900536B1F /* LinkCreateState.swift */ = {isa = PBXFileReference; lastKnownFileType = sourcecode.swift; path = LinkCreateState.swift; sourceTree = "<group>"; };
		FA9AC4E92C3DC48000536B1F /* UserPrivateManager.swift */ = {isa = PBXFileReference; lastKnownFileType = sourcecode.swift; path = UserPrivateManager.swift; sourceTree = "<group>"; };
		FA9AC4EB2C3DD51C00536B1F /* LinkUIView.swift */ = {isa = PBXFileReference; lastKnownFileType = sourcecode.swift; path = LinkUIView.swift; sourceTree = "<group>"; };
		FA9AC4ED2C3DD91400536B1F /* LinkPreviewImage.swift */ = {isa = PBXFileReference; lastKnownFileType = sourcecode.swift; path = LinkPreviewImage.swift; sourceTree = "<group>"; };
		FA9AC4EF2C3DDFDA00536B1F /* LinkViewModel.swift */ = {isa = PBXFileReference; lastKnownFileType = sourcecode.swift; path = LinkViewModel.swift; sourceTree = "<group>"; };
		FA9AC4F12C3DE0BE00536B1F /* LinkGetByFolderIdRequest.swift */ = {isa = PBXFileReference; lastKnownFileType = sourcecode.swift; path = LinkGetByFolderIdRequest.swift; sourceTree = "<group>"; };
		FA9AC4F42C3DE14A00536B1F /* ResponseLinksListDto.swift */ = {isa = PBXFileReference; lastKnownFileType = sourcecode.swift; path = ResponseLinksListDto.swift; sourceTree = "<group>"; };
		FACC4BEC2C3C6B8F00D54F19 /* ChooseFolderView.swift */ = {isa = PBXFileReference; lastKnownFileType = sourcecode.swift; path = ChooseFolderView.swift; sourceTree = "<group>"; };
		FACC4BEE2C3C6C2A00D54F19 /* FoldersListView.swift */ = {isa = PBXFileReference; lastKnownFileType = sourcecode.swift; path = FoldersListView.swift; sourceTree = "<group>"; };
		FACC4BF02C3C6F5200D54F19 /* HeaderView.swift */ = {isa = PBXFileReference; lastKnownFileType = sourcecode.swift; path = HeaderView.swift; sourceTree = "<group>"; };
		FADE49442C380EC1006962EC /* HomeView.swift */ = {isa = PBXFileReference; lastKnownFileType = sourcecode.swift; path = HomeView.swift; sourceTree = "<group>"; };
		FADE49482C383A27006962EC /* FolderItemView.swift */ = {isa = PBXFileReference; lastKnownFileType = sourcecode.swift; path = FolderItemView.swift; sourceTree = "<group>"; };
/* End PBXFileReference section */

/* Begin PBXFrameworksBuildPhase section */
		FA2141E82C3587A400B5799C /* Frameworks */ = {
			isa = PBXFrameworksBuildPhase;
			buildActionMask = 2147483647;
			files = (
			);
			runOnlyForDeploymentPostprocessing = 0;
		};
		FA5E20AE2C32F4CA00ED8989 /* Frameworks */ = {
			isa = PBXFrameworksBuildPhase;
			buildActionMask = 2147483647;
			files = (
				FA6598332C3D35CD00C7FD5C /* HTMLReader in Frameworks */,
				FA1022E72C39B4ED00B6D82B /* MijickPopupView in Frameworks */,
			);
			runOnlyForDeploymentPostprocessing = 0;
		};
/* End PBXFrameworksBuildPhase section */

/* Begin PBXGroup section */
		FA1022EA2C39EBAC00B6D82B /* Auth */ = {
			isa = PBXGroup;
			children = (
				FA5E1CAF2C36B19100C74BD6 /* AuthRequests.swift */,
				FA4D18572C372D3C00A8AF35 /* LoginRequest.swift */,
			);
			path = Auth;
			sourceTree = "<group>";
		};
		FA1022EB2C39EBB900B6D82B /* Folder */ = {
			isa = PBXGroup;
			children = (
				FA1022EC2C39EBCC00B6D82B /* FolderCreateRequest.swift */,
				FA7DC1692C3C05F2002E7FB9 /* GetFoldersListRequest.swift */,
			);
			path = Folder;
			sourceTree = "<group>";
		};
		FA2141EC2C3587A400B5799C /* Share */ = {
			isa = PBXGroup;
			children = (
				FA2141FC2C35885C00B5799C /* Share.entitlements */,
				FA2141ED2C3587A400B5799C /* ShareViewController.swift */,
				FA2141EF2C3587A400B5799C /* MainInterface.storyboard */,
				FA2141F22C3587A400B5799C /* Info.plist */,
				FA2141FA2C3587EC00B5799C /* TextInputViewController.swift */,
			);
			path = Share;
			sourceTree = "<group>";
		};
		FA2141FE2C358BCF00B5799C /* Views */ = {
			isa = PBXGroup;
			children = (
				FA2142012C358DD500B5799C /* UI */,
				FA5E1CB72C36D55300C74BD6 /* AuthView.swift */,
				FADE49442C380EC1006962EC /* HomeView.swift */,
				FA7DC16E2C3C0C57002E7FB9 /* LinksListView.swift */,
				FACC4BEC2C3C6B8F00D54F19 /* ChooseFolderView.swift */,
			);
			path = Views;
			sourceTree = "<group>";
		};
		FA2142002C358BFC00B5799C /* Models */ = {
			isa = PBXGroup;
			children = (
				FA5E1CB32C36B25900C74BD6 /* User.swift */,
				FA7DC1652C3BEAC4002E7FB9 /* Folder.swift */,
				FA2C61A72C3C785D003F2E4D /* Link.swift */,
			);
			path = Models;
			sourceTree = "<group>";
		};
		FA2142012C358DD500B5799C /* UI */ = {
			isa = PBXGroup;
			children = (
				FA2142022C358DE200B5799C /* LaunchScreenView.swift */,
				FA5E1CB92C36DD7200C74BD6 /* SignupView.swift */,
				FA5E1CBB2C36DD8400C74BD6 /* LoginView.swift */,
				FADE49482C383A27006962EC /* FolderItemView.swift */,
				FA1022E22C39A76F00B6D82B /* BottomRoundedShape.swift */,
				FA1022E82C39B61E00B6D82B /* PopupFolderView.swift */,
				FACC4BEE2C3C6C2A00D54F19 /* FoldersListView.swift */,
				FACC4BF02C3C6F5200D54F19 /* HeaderView.swift */,
				FA9AC4EB2C3DD51C00536B1F /* LinkUIView.swift */,
				FA9AC4ED2C3DD91400536B1F /* LinkPreviewImage.swift */,
			);
			path = UI;
			sourceTree = "<group>";
		};
		FA2C61A42C3C77EE003F2E4D /* Link */ = {
			isa = PBXGroup;
			children = (
				FA2C61A52C3C77FE003F2E4D /* LinkCreateRequest.swift */,
				FA9AC4F12C3DE0BE00536B1F /* LinkGetByFolderIdRequest.swift */,
				FA7CF3012C3EC40E00B14FA1 /* LinkRemoveRequest.swift */,
			);
			path = Link;
			sourceTree = "<group>";
		};
		FA4D18562C372D2600A8AF35 /* Requests */ = {
			isa = PBXGroup;
			children = (
				FA2C61A42C3C77EE003F2E4D /* Link */,
				FA1022EB2C39EBB900B6D82B /* Folder */,
				FA1022EA2C39EBAC00B6D82B /* Auth */,
			);
			path = Requests;
			sourceTree = "<group>";
		};
		FA4D18592C372F8700A8AF35 /* Storage */ = {
			isa = PBXGroup;
			children = (
				FA4D185A2C372F9200A8AF35 /* UserData.swift */,
			);
			path = Storage;
			sourceTree = "<group>";
		};
		FA5E1CAD2C36B10100C74BD6 /* Data */ = {
			isa = PBXGroup;
			children = (
				FA4D18562C372D2600A8AF35 /* Requests */,
				FA5E1CAE2C36B10C00C74BD6 /* Dto */,
			);
			path = Data;
			sourceTree = "<group>";
		};
		FA5E1CAE2C36B10C00C74BD6 /* Dto */ = {
			isa = PBXGroup;
			children = (
				FA5E1CB12C36B1FE00C74BD6 /* ResponseSignupData.swift */,
				FA7DC1672C3BEB55002E7FB9 /* ResponseCreateFolderRequest.swift */,
				FA7DC16B2C3C0644002E7FB9 /* ResponseFoldersListDto.swift */,
				FA9AC4F42C3DE14A00536B1F /* ResponseLinksListDto.swift */,
				FA7CF3052C3ED6FD00B14FA1 /* ResponseLinkRemove.swift */,
			);
			path = Dto;
			sourceTree = "<group>";
		};
		FA5E20A82C32F4CA00ED8989 = {
			isa = PBXGroup;
			children = (
				FA5E20B32C32F4CA00ED8989 /* misha */,
				FA2141EC2C3587A400B5799C /* Share */,
				FA5E20B22C32F4CA00ED8989 /* Products */,
			);
			sourceTree = "<group>";
		};
		FA5E20B22C32F4CA00ED8989 /* Products */ = {
			isa = PBXGroup;
			children = (
				FA5E20B12C32F4CA00ED8989 /* misha.app */,
				FA2141EB2C3587A400B5799C /* Share.appex */,
			);
			name = Products;
			sourceTree = "<group>";
		};
		FA5E20B32C32F4CA00ED8989 /* misha */ = {
			isa = PBXGroup;
			children = (
				FA9AC4E82C3DC46200536B1F /* Helpers */,
				FA9AC4E42C3DC39200536B1F /* Utils */,
				FA7DC1702C3C1149002E7FB9 /* ViewModels */,
				FA4D18592C372F8700A8AF35 /* Storage */,
				FA5E1CAD2C36B10100C74BD6 /* Data */,
				FA5E1CAC2C36ADCE00C74BD6 /* Info.plist */,
				FA2142002C358BFC00B5799C /* Models */,
				FA2141FE2C358BCF00B5799C /* Views */,
				FA2141FD2C35886700B5799C /* misha.entitlements */,
				FA5E20B42C32F4CA00ED8989 /* mishaApp.swift */,
				FA5E20B62C32F4CB00ED8989 /* ContentView.swift */,
				FA5E20B82C32F4CE00ED8989 /* Assets.xcassets */,
				FA5E20BA2C32F4CE00ED8989 /* Preview Content */,
			);
			path = misha;
			sourceTree = "<group>";
		};
		FA5E20BA2C32F4CE00ED8989 /* Preview Content */ = {
			isa = PBXGroup;
			children = (
				FA5E20BB2C32F4CE00ED8989 /* Preview Assets.xcassets */,
			);
			path = "Preview Content";
			sourceTree = "<group>";
		};
		FA7DC1702C3C1149002E7FB9 /* ViewModels */ = {
			isa = PBXGroup;
			children = (
				FA7DC1712C3C117B002E7FB9 /* UserViewModel.swift */,
				FA9AC4EF2C3DDFDA00536B1F /* LinkViewModel.swift */,
			);
			path = ViewModels;
			sourceTree = "<group>";
		};
		FA9AC4E42C3DC39200536B1F /* Utils */ = {
			isa = PBXGroup;
			children = (
				FA9AC4E52C3DC3A900536B1F /* LinkCreateState.swift */,
				FA7CF3032C3ED4DD00B14FA1 /* HoverButton.swift */,
			);
			path = Utils;
			sourceTree = "<group>";
		};
		FA9AC4E82C3DC46200536B1F /* Helpers */ = {
			isa = PBXGroup;
			children = (
				FA9AC4E92C3DC48000536B1F /* UserPrivateManager.swift */,
			);
			path = Helpers;
			sourceTree = "<group>";
		};
/* End PBXGroup section */

/* Begin PBXNativeTarget section */
		FA2141EA2C3587A400B5799C /* Share */ = {
			isa = PBXNativeTarget;
			buildConfigurationList = FA2141F92C3587A400B5799C /* Build configuration list for PBXNativeTarget "Share" */;
			buildPhases = (
				FA2141E72C3587A400B5799C /* Sources */,
				FA2141E82C3587A400B5799C /* Frameworks */,
				FA2141E92C3587A400B5799C /* Resources */,
			);
			buildRules = (
			);
			dependencies = (
			);
			name = Share;
			productName = Share;
			productReference = FA2141EB2C3587A400B5799C /* Share.appex */;
			productType = "com.apple.product-type.app-extension";
		};
		FA5E20B02C32F4CA00ED8989 /* misha */ = {
			isa = PBXNativeTarget;
			buildConfigurationList = FA5E20BF2C32F4CE00ED8989 /* Build configuration list for PBXNativeTarget "misha" */;
			buildPhases = (
				FA5E20AD2C32F4CA00ED8989 /* Sources */,
				FA5E20AE2C32F4CA00ED8989 /* Frameworks */,
				FA5E20AF2C32F4CA00ED8989 /* Resources */,
				FA2141F62C3587A400B5799C /* Embed Foundation Extensions */,
			);
			buildRules = (
			);
			dependencies = (
				FA2141F42C3587A400B5799C /* PBXTargetDependency */,
			);
			name = misha;
			packageProductDependencies = (
				FA1022E62C39B4ED00B6D82B /* MijickPopupView */,
				FA6598322C3D35CD00C7FD5C /* HTMLReader */,
			);
			productName = misha;
			productReference = FA5E20B12C32F4CA00ED8989 /* misha.app */;
			productType = "com.apple.product-type.application";
		};
/* End PBXNativeTarget section */

/* Begin PBXProject section */
		FA5E20A92C32F4CA00ED8989 /* Project object */ = {
			isa = PBXProject;
			attributes = {
				BuildIndependentTargetsInParallel = 1;
				LastSwiftUpdateCheck = 1540;
				LastUpgradeCheck = 1540;
				TargetAttributes = {
					FA2141EA2C3587A400B5799C = {
						CreatedOnToolsVersion = 15.4;
					};
					FA5E20B02C32F4CA00ED8989 = {
						CreatedOnToolsVersion = 15.4;
					};
				};
			};
			buildConfigurationList = FA5E20AC2C32F4CA00ED8989 /* Build configuration list for PBXProject "misha" */;
			compatibilityVersion = "Xcode 14.0";
			developmentRegion = en;
			hasScannedForEncodings = 0;
			knownRegions = (
				en,
				Base,
			);
			mainGroup = FA5E20A82C32F4CA00ED8989;
			packageReferences = (
				FA2142042C35916600B5799C /* XCRemoteSwiftPackageReference "firebase-ios-sdk" */,
				FA1022E52C39B4ED00B6D82B /* XCRemoteSwiftPackageReference "PopupView" */,
				FA062C382C3D34AE00FD1DC3 /* XCRemoteSwiftPackageReference "HTMLReader" */,
			);
			productRefGroup = FA5E20B22C32F4CA00ED8989 /* Products */;
			projectDirPath = "";
			projectRoot = "";
			targets = (
				FA5E20B02C32F4CA00ED8989 /* misha */,
				FA2141EA2C3587A400B5799C /* Share */,
			);
		};
/* End PBXProject section */

/* Begin PBXResourcesBuildPhase section */
		FA2141E92C3587A400B5799C /* Resources */ = {
			isa = PBXResourcesBuildPhase;
			buildActionMask = 2147483647;
			files = (
				FA2141F12C3587A400B5799C /* Base in Resources */,
			);
			runOnlyForDeploymentPostprocessing = 0;
		};
		FA5E20AF2C32F4CA00ED8989 /* Resources */ = {
			isa = PBXResourcesBuildPhase;
			buildActionMask = 2147483647;
			files = (
				FA5E20BC2C32F4CE00ED8989 /* Preview Assets.xcassets in Resources */,
				FA5E20B92C32F4CE00ED8989 /* Assets.xcassets in Resources */,
			);
			runOnlyForDeploymentPostprocessing = 0;
		};
/* End PBXResourcesBuildPhase section */

/* Begin PBXSourcesBuildPhase section */
		FA2141E72C3587A400B5799C /* Sources */ = {
			isa = PBXSourcesBuildPhase;
			buildActionMask = 2147483647;
			files = (
				FA2141FB2C3587EC00B5799C /* TextInputViewController.swift in Sources */,
				FA2141EE2C3587A400B5799C /* ShareViewController.swift in Sources */,
			);
			runOnlyForDeploymentPostprocessing = 0;
		};
		FA5E20AD2C32F4CA00ED8989 /* Sources */ = {
			isa = PBXSourcesBuildPhase;
			buildActionMask = 2147483647;
			files = (
				FA9AC4EC2C3DD51C00536B1F /* LinkUIView.swift in Sources */,
				FA5E1CB82C36D55300C74BD6 /* AuthView.swift in Sources */,
				FA7DC1722C3C117B002E7FB9 /* UserViewModel.swift in Sources */,
				FA5E20B72C32F4CB00ED8989 /* ContentView.swift in Sources */,
				FA7DC1682C3BEB55002E7FB9 /* ResponseCreateFolderRequest.swift in Sources */,
				FA5E1CB22C36B1FE00C74BD6 /* ResponseSignupData.swift in Sources */,
				FA7DC16C2C3C0644002E7FB9 /* ResponseFoldersListDto.swift in Sources */,
				FACC4BEF2C3C6C2A00D54F19 /* FoldersListView.swift in Sources */,
				FA9AC4F02C3DDFDA00536B1F /* LinkViewModel.swift in Sources */,
				FA7DC16A2C3C05F2002E7FB9 /* GetFoldersListRequest.swift in Sources */,
				FA9AC4F52C3DE14A00536B1F /* ResponseLinksListDto.swift in Sources */,
				FA4D18582C372D3C00A8AF35 /* LoginRequest.swift in Sources */,
				FA7CF3042C3ED4DD00B14FA1 /* HoverButton.swift in Sources */,
				FA5E1CBC2C36DD8400C74BD6 /* LoginView.swift in Sources */,
				FA4D185B2C372F9200A8AF35 /* UserData.swift in Sources */,
				FA7CF3062C3ED6FD00B14FA1 /* ResponseLinkRemove.swift in Sources */,
				FA9AC4E62C3DC3A900536B1F /* LinkCreateState.swift in Sources */,
				FA5E1CB42C36B25900C74BD6 /* User.swift in Sources */,
				FA5E1CBA2C36DD7200C74BD6 /* SignupView.swift in Sources */,
				FA5E20B52C32F4CA00ED8989 /* mishaApp.swift in Sources */,
				FADE49452C380EC1006962EC /* HomeView.swift in Sources */,
				FA9AC4EE2C3DD91400536B1F /* LinkPreviewImage.swift in Sources */,
				FA2C61A82C3C785D003F2E4D /* Link.swift in Sources */,
				FACC4BF12C3C6F5200D54F19 /* HeaderView.swift in Sources */,
				FA1022E32C39A76F00B6D82B /* BottomRoundedShape.swift in Sources */,
				FA2142032C358DE200B5799C /* LaunchScreenView.swift in Sources */,
				FA7CF3022C3EC40E00B14FA1 /* LinkRemoveRequest.swift in Sources */,
				FA1022E92C39B61E00B6D82B /* PopupFolderView.swift in Sources */,
				FA7DC16F2C3C0C57002E7FB9 /* LinksListView.swift in Sources */,
				FA1022ED2C39EBCC00B6D82B /* FolderCreateRequest.swift in Sources */,
				FA2C61A62C3C77FE003F2E4D /* LinkCreateRequest.swift in Sources */,
				FACC4BED2C3C6B8F00D54F19 /* ChooseFolderView.swift in Sources */,
				FA9AC4EA2C3DC48000536B1F /* UserPrivateManager.swift in Sources */,
				FA5E1CB02C36B19100C74BD6 /* AuthRequests.swift in Sources */,
				FA9AC4F22C3DE0BE00536B1F /* LinkGetByFolderIdRequest.swift in Sources */,
				FADE49492C383A27006962EC /* FolderItemView.swift in Sources */,
				FA7DC1662C3BEAC4002E7FB9 /* Folder.swift in Sources */,
			);
			runOnlyForDeploymentPostprocessing = 0;
		};
/* End PBXSourcesBuildPhase section */

/* Begin PBXTargetDependency section */
		FA2141F42C3587A400B5799C /* PBXTargetDependency */ = {
			isa = PBXTargetDependency;
			target = FA2141EA2C3587A400B5799C /* Share */;
			targetProxy = FA2141F32C3587A400B5799C /* PBXContainerItemProxy */;
		};
/* End PBXTargetDependency section */

/* Begin PBXVariantGroup section */
		FA2141EF2C3587A400B5799C /* MainInterface.storyboard */ = {
			isa = PBXVariantGroup;
			children = (
				FA2141F02C3587A400B5799C /* Base */,
			);
			name = MainInterface.storyboard;
			sourceTree = "<group>";
		};
/* End PBXVariantGroup section */

/* Begin XCBuildConfiguration section */
		FA2141F72C3587A400B5799C /* Debug */ = {
			isa = XCBuildConfiguration;
			buildSettings = {
				CODE_SIGN_ENTITLEMENTS = Share/Share.entitlements;
				CODE_SIGN_STYLE = Automatic;
				CURRENT_PROJECT_VERSION = 1;
				DEVELOPMENT_TEAM = 8RK388V5N4;
				GENERATE_INFOPLIST_FILE = YES;
				INFOPLIST_FILE = Share/Info.plist;
				INFOPLIST_KEY_CFBundleDisplayName = Share;
				INFOPLIST_KEY_NSHumanReadableCopyright = "";
				LD_RUNPATH_SEARCH_PATHS = (
					"$(inherited)",
					"@executable_path/Frameworks",
					"@executable_path/../../Frameworks",
				);
				MARKETING_VERSION = 1.0;
				PRODUCT_BUNDLE_IDENTIFIER = pushok.misha.Share;
				PRODUCT_NAME = "$(TARGET_NAME)";
				SKIP_INSTALL = YES;
				SWIFT_EMIT_LOC_STRINGS = YES;
				SWIFT_VERSION = 5.0;
				TARGETED_DEVICE_FAMILY = "1,2";
			};
			name = Debug;
		};
		FA2141F82C3587A400B5799C /* Release */ = {
			isa = XCBuildConfiguration;
			buildSettings = {
				CODE_SIGN_ENTITLEMENTS = Share/Share.entitlements;
				CODE_SIGN_STYLE = Automatic;
				CURRENT_PROJECT_VERSION = 1;
				DEVELOPMENT_TEAM = 8RK388V5N4;
				GENERATE_INFOPLIST_FILE = YES;
				INFOPLIST_FILE = Share/Info.plist;
				INFOPLIST_KEY_CFBundleDisplayName = Share;
				INFOPLIST_KEY_NSHumanReadableCopyright = "";
				LD_RUNPATH_SEARCH_PATHS = (
					"$(inherited)",
					"@executable_path/Frameworks",
					"@executable_path/../../Frameworks",
				);
				MARKETING_VERSION = 1.0;
				PRODUCT_BUNDLE_IDENTIFIER = pushok.misha.Share;
				PRODUCT_NAME = "$(TARGET_NAME)";
				SKIP_INSTALL = YES;
				SWIFT_EMIT_LOC_STRINGS = YES;
				SWIFT_VERSION = 5.0;
				TARGETED_DEVICE_FAMILY = "1,2";
			};
			name = Release;
		};
		FA5E20BD2C32F4CE00ED8989 /* Debug */ = {
			isa = XCBuildConfiguration;
			buildSettings = {
				ALWAYS_SEARCH_USER_PATHS = NO;
				ASSETCATALOG_COMPILER_GENERATE_SWIFT_ASSET_SYMBOL_EXTENSIONS = YES;
				CLANG_ANALYZER_NONNULL = YES;
				CLANG_ANALYZER_NUMBER_OBJECT_CONVERSION = YES_AGGRESSIVE;
				CLANG_CXX_LANGUAGE_STANDARD = "gnu++20";
				CLANG_ENABLE_MODULES = YES;
				CLANG_ENABLE_OBJC_ARC = YES;
				CLANG_ENABLE_OBJC_WEAK = YES;
				CLANG_WARN_BLOCK_CAPTURE_AUTORELEASING = YES;
				CLANG_WARN_BOOL_CONVERSION = YES;
				CLANG_WARN_COMMA = YES;
				CLANG_WARN_CONSTANT_CONVERSION = YES;
				CLANG_WARN_DEPRECATED_OBJC_IMPLEMENTATIONS = YES;
				CLANG_WARN_DIRECT_OBJC_ISA_USAGE = YES_ERROR;
				CLANG_WARN_DOCUMENTATION_COMMENTS = YES;
				CLANG_WARN_EMPTY_BODY = YES;
				CLANG_WARN_ENUM_CONVERSION = YES;
				CLANG_WARN_INFINITE_RECURSION = YES;
				CLANG_WARN_INT_CONVERSION = YES;
				CLANG_WARN_NON_LITERAL_NULL_CONVERSION = YES;
				CLANG_WARN_OBJC_IMPLICIT_RETAIN_SELF = YES;
				CLANG_WARN_OBJC_LITERAL_CONVERSION = YES;
				CLANG_WARN_OBJC_ROOT_CLASS = YES_ERROR;
				CLANG_WARN_QUOTED_INCLUDE_IN_FRAMEWORK_HEADER = YES;
				CLANG_WARN_RANGE_LOOP_ANALYSIS = YES;
				CLANG_WARN_STRICT_PROTOTYPES = YES;
				CLANG_WARN_SUSPICIOUS_MOVE = YES;
				CLANG_WARN_UNGUARDED_AVAILABILITY = YES_AGGRESSIVE;
				CLANG_WARN_UNREACHABLE_CODE = YES;
				CLANG_WARN__DUPLICATE_METHOD_MATCH = YES;
				COPY_PHASE_STRIP = NO;
				DEBUG_INFORMATION_FORMAT = dwarf;
				ENABLE_STRICT_OBJC_MSGSEND = YES;
				ENABLE_TESTABILITY = YES;
				ENABLE_USER_SCRIPT_SANDBOXING = YES;
				GCC_C_LANGUAGE_STANDARD = gnu17;
				GCC_DYNAMIC_NO_PIC = NO;
				GCC_NO_COMMON_BLOCKS = YES;
				GCC_OPTIMIZATION_LEVEL = 0;
				GCC_PREPROCESSOR_DEFINITIONS = (
					"DEBUG=1",
					"$(inherited)",
				);
				GCC_WARN_64_TO_32_BIT_CONVERSION = YES;
				GCC_WARN_ABOUT_RETURN_TYPE = YES_ERROR;
				GCC_WARN_UNDECLARED_SELECTOR = YES;
				GCC_WARN_UNINITIALIZED_AUTOS = YES_AGGRESSIVE;
				GCC_WARN_UNUSED_FUNCTION = YES;
				GCC_WARN_UNUSED_VARIABLE = YES;
				IPHONEOS_DEPLOYMENT_TARGET = 17.5;
				LOCALIZATION_PREFERS_STRING_CATALOGS = YES;
				MTL_ENABLE_DEBUG_INFO = INCLUDE_SOURCE;
				MTL_FAST_MATH = YES;
				ONLY_ACTIVE_ARCH = YES;
				SDKROOT = iphoneos;
				SWIFT_ACTIVE_COMPILATION_CONDITIONS = "DEBUG $(inherited)";
				SWIFT_OPTIMIZATION_LEVEL = "-Onone";
			};
			name = Debug;
		};
		FA5E20BE2C32F4CE00ED8989 /* Release */ = {
			isa = XCBuildConfiguration;
			buildSettings = {
				ALWAYS_SEARCH_USER_PATHS = NO;
				ASSETCATALOG_COMPILER_GENERATE_SWIFT_ASSET_SYMBOL_EXTENSIONS = YES;
				CLANG_ANALYZER_NONNULL = YES;
				CLANG_ANALYZER_NUMBER_OBJECT_CONVERSION = YES_AGGRESSIVE;
				CLANG_CXX_LANGUAGE_STANDARD = "gnu++20";
				CLANG_ENABLE_MODULES = YES;
				CLANG_ENABLE_OBJC_ARC = YES;
				CLANG_ENABLE_OBJC_WEAK = YES;
				CLANG_WARN_BLOCK_CAPTURE_AUTORELEASING = YES;
				CLANG_WARN_BOOL_CONVERSION = YES;
				CLANG_WARN_COMMA = YES;
				CLANG_WARN_CONSTANT_CONVERSION = YES;
				CLANG_WARN_DEPRECATED_OBJC_IMPLEMENTATIONS = YES;
				CLANG_WARN_DIRECT_OBJC_ISA_USAGE = YES_ERROR;
				CLANG_WARN_DOCUMENTATION_COMMENTS = YES;
				CLANG_WARN_EMPTY_BODY = YES;
				CLANG_WARN_ENUM_CONVERSION = YES;
				CLANG_WARN_INFINITE_RECURSION = YES;
				CLANG_WARN_INT_CONVERSION = YES;
				CLANG_WARN_NON_LITERAL_NULL_CONVERSION = YES;
				CLANG_WARN_OBJC_IMPLICIT_RETAIN_SELF = YES;
				CLANG_WARN_OBJC_LITERAL_CONVERSION = YES;
				CLANG_WARN_OBJC_ROOT_CLASS = YES_ERROR;
				CLANG_WARN_QUOTED_INCLUDE_IN_FRAMEWORK_HEADER = YES;
				CLANG_WARN_RANGE_LOOP_ANALYSIS = YES;
				CLANG_WARN_STRICT_PROTOTYPES = YES;
				CLANG_WARN_SUSPICIOUS_MOVE = YES;
				CLANG_WARN_UNGUARDED_AVAILABILITY = YES_AGGRESSIVE;
				CLANG_WARN_UNREACHABLE_CODE = YES;
				CLANG_WARN__DUPLICATE_METHOD_MATCH = YES;
				COPY_PHASE_STRIP = NO;
				DEBUG_INFORMATION_FORMAT = "dwarf-with-dsym";
				ENABLE_NS_ASSERTIONS = NO;
				ENABLE_STRICT_OBJC_MSGSEND = YES;
				ENABLE_USER_SCRIPT_SANDBOXING = YES;
				GCC_C_LANGUAGE_STANDARD = gnu17;
				GCC_NO_COMMON_BLOCKS = YES;
				GCC_WARN_64_TO_32_BIT_CONVERSION = YES;
				GCC_WARN_ABOUT_RETURN_TYPE = YES_ERROR;
				GCC_WARN_UNDECLARED_SELECTOR = YES;
				GCC_WARN_UNINITIALIZED_AUTOS = YES_AGGRESSIVE;
				GCC_WARN_UNUSED_FUNCTION = YES;
				GCC_WARN_UNUSED_VARIABLE = YES;
				IPHONEOS_DEPLOYMENT_TARGET = 17.5;
				LOCALIZATION_PREFERS_STRING_CATALOGS = YES;
				MTL_ENABLE_DEBUG_INFO = NO;
				MTL_FAST_MATH = YES;
				SDKROOT = iphoneos;
				SWIFT_COMPILATION_MODE = wholemodule;
				VALIDATE_PRODUCT = YES;
			};
			name = Release;
		};
		FA5E20C02C32F4CE00ED8989 /* Debug */ = {
			isa = XCBuildConfiguration;
			buildSettings = {
				ALWAYS_EMBED_SWIFT_STANDARD_LIBRARIES = YES;
				ASSETCATALOG_COMPILER_APPICON_NAME = AppIcon;
				ASSETCATALOG_COMPILER_GLOBAL_ACCENT_COLOR_NAME = AccentColor;
				CODE_SIGN_ENTITLEMENTS = misha/misha.entitlements;
				CODE_SIGN_STYLE = Automatic;
				CURRENT_PROJECT_VERSION = 1;
				DEVELOPMENT_ASSET_PATHS = "\"misha/Preview Content\"";
				DEVELOPMENT_TEAM = 8RK388V5N4;
				ENABLE_PREVIEWS = YES;
				GENERATE_INFOPLIST_FILE = YES;
				INFOPLIST_FILE = misha/Info.plist;
				INFOPLIST_KEY_UIApplicationSceneManifest_Generation = YES;
				INFOPLIST_KEY_UIApplicationSupportsIndirectInputEvents = YES;
				INFOPLIST_KEY_UILaunchScreen_Generation = YES;
				INFOPLIST_KEY_UISupportedInterfaceOrientations_iPad = "UIInterfaceOrientationPortrait UIInterfaceOrientationPortraitUpsideDown UIInterfaceOrientationLandscapeLeft UIInterfaceOrientationLandscapeRight";
				INFOPLIST_KEY_UISupportedInterfaceOrientations_iPhone = "UIInterfaceOrientationPortrait UIInterfaceOrientationLandscapeLeft UIInterfaceOrientationLandscapeRight";
				LD_RUNPATH_SEARCH_PATHS = (
					"$(inherited)",
					"@executable_path/Frameworks",
				);
				MARKETING_VERSION = 1.0;
				PRODUCT_BUNDLE_IDENTIFIER = pushok.misha;
				PRODUCT_NAME = "$(TARGET_NAME)";
				SWIFT_EMIT_LOC_STRINGS = YES;
				SWIFT_VERSION = 5.0;
				TARGETED_DEVICE_FAMILY = "1,2";
			};
			name = Debug;
		};
		FA5E20C12C32F4CE00ED8989 /* Release */ = {
			isa = XCBuildConfiguration;
			buildSettings = {
				ALWAYS_EMBED_SWIFT_STANDARD_LIBRARIES = YES;
				ASSETCATALOG_COMPILER_APPICON_NAME = AppIcon;
				ASSETCATALOG_COMPILER_GLOBAL_ACCENT_COLOR_NAME = AccentColor;
				CODE_SIGN_ENTITLEMENTS = misha/misha.entitlements;
				CODE_SIGN_STYLE = Automatic;
				CURRENT_PROJECT_VERSION = 1;
				DEVELOPMENT_ASSET_PATHS = "\"misha/Preview Content\"";
				DEVELOPMENT_TEAM = 8RK388V5N4;
				ENABLE_PREVIEWS = YES;
				GENERATE_INFOPLIST_FILE = YES;
				INFOPLIST_FILE = misha/Info.plist;
				INFOPLIST_KEY_UIApplicationSceneManifest_Generation = YES;
				INFOPLIST_KEY_UIApplicationSupportsIndirectInputEvents = YES;
				INFOPLIST_KEY_UILaunchScreen_Generation = YES;
				INFOPLIST_KEY_UISupportedInterfaceOrientations_iPad = "UIInterfaceOrientationPortrait UIInterfaceOrientationPortraitUpsideDown UIInterfaceOrientationLandscapeLeft UIInterfaceOrientationLandscapeRight";
				INFOPLIST_KEY_UISupportedInterfaceOrientations_iPhone = "UIInterfaceOrientationPortrait UIInterfaceOrientationLandscapeLeft UIInterfaceOrientationLandscapeRight";
				LD_RUNPATH_SEARCH_PATHS = (
					"$(inherited)",
					"@executable_path/Frameworks",
				);
				MARKETING_VERSION = 1.0;
				PRODUCT_BUNDLE_IDENTIFIER = pushok.misha;
				PRODUCT_NAME = "$(TARGET_NAME)";
				SWIFT_EMIT_LOC_STRINGS = YES;
				SWIFT_VERSION = 5.0;
				TARGETED_DEVICE_FAMILY = "1,2";
			};
			name = Release;
		};
/* End XCBuildConfiguration section */

/* Begin XCConfigurationList section */
		FA2141F92C3587A400B5799C /* Build configuration list for PBXNativeTarget "Share" */ = {
			isa = XCConfigurationList;
			buildConfigurations = (
				FA2141F72C3587A400B5799C /* Debug */,
				FA2141F82C3587A400B5799C /* Release */,
			);
			defaultConfigurationIsVisible = 0;
			defaultConfigurationName = Release;
		};
		FA5E20AC2C32F4CA00ED8989 /* Build configuration list for PBXProject "misha" */ = {
			isa = XCConfigurationList;
			buildConfigurations = (
				FA5E20BD2C32F4CE00ED8989 /* Debug */,
				FA5E20BE2C32F4CE00ED8989 /* Release */,
			);
			defaultConfigurationIsVisible = 0;
			defaultConfigurationName = Release;
		};
		FA5E20BF2C32F4CE00ED8989 /* Build configuration list for PBXNativeTarget "misha" */ = {
			isa = XCConfigurationList;
			buildConfigurations = (
				FA5E20C02C32F4CE00ED8989 /* Debug */,
				FA5E20C12C32F4CE00ED8989 /* Release */,
			);
			defaultConfigurationIsVisible = 0;
			defaultConfigurationName = Release;
		};
/* End XCConfigurationList section */

/* Begin XCRemoteSwiftPackageReference section */
		FA062C382C3D34AE00FD1DC3 /* XCRemoteSwiftPackageReference "HTMLReader" */ = {
			isa = XCRemoteSwiftPackageReference;
			repositoryURL = "https://github.com/nolanw/HTMLReader";
			requirement = {
				kind = exactVersion;
				version = 2.2.1;
			};
		};
		FA1022E52C39B4ED00B6D82B /* XCRemoteSwiftPackageReference "PopupView" */ = {
			isa = XCRemoteSwiftPackageReference;
			repositoryURL = "https://github.com/Mijick/PopupView";
			requirement = {
				kind = upToNextMajorVersion;
				minimumVersion = 2.5.0;
			};
		};
		FA2142042C35916600B5799C /* XCRemoteSwiftPackageReference "firebase-ios-sdk" */ = {
			isa = XCRemoteSwiftPackageReference;
			repositoryURL = "https://github.com/firebase/firebase-ios-sdk";
			requirement = {
				kind = upToNextMajorVersion;
				minimumVersion = 10.28.1;
			};
		};
/* End XCRemoteSwiftPackageReference section */

/* Begin XCSwiftPackageProductDependency section */
		FA1022E62C39B4ED00B6D82B /* MijickPopupView */ = {
			isa = XCSwiftPackageProductDependency;
			package = FA1022E52C39B4ED00B6D82B /* XCRemoteSwiftPackageReference "PopupView" */;
			productName = MijickPopupView;
		};
		FA6598322C3D35CD00C7FD5C /* HTMLReader */ = {
			isa = XCSwiftPackageProductDependency;
			package = FA062C382C3D34AE00FD1DC3 /* XCRemoteSwiftPackageReference "HTMLReader" */;
			productName = HTMLReader;
		};
/* End XCSwiftPackageProductDependency section */
	};
	rootObject = FA5E20A92C32F4CA00ED8989 /* Project object */;
}
